// !$*UTF8*$!
{
	archiveVersion = 1;
	classes = {
	};
	objectVersion = 46;
	objects = {

/* Begin PBXBuildFile section */
		C5259C4F1B5E3BAB00199982 /* main.m in Sources */ = {isa = PBXBuildFile; fileRef = C5259C4E1B5E3BAB00199982 /* main.m */; };
		C5259C521B5E3BAB00199982 /* AppDelegate.m in Sources */ = {isa = PBXBuildFile; fileRef = C5259C511B5E3BAB00199982 /* AppDelegate.m */; };
		C5259C551B5E3BAB00199982 /* ViewController.m in Sources */ = {isa = PBXBuildFile; fileRef = C5259C541B5E3BAB00199982 /* ViewController.m */; };
		C5259C581B5E3BAB00199982 /* Main.storyboard in Resources */ = {isa = PBXBuildFile; fileRef = C5259C561B5E3BAB00199982 /* Main.storyboard */; };
		C5259C5A1B5E3BAB00199982 /* Images.xcassets in Resources */ = {isa = PBXBuildFile; fileRef = C5259C591B5E3BAB00199982 /* Images.xcassets */; };
		C5259C5D1B5E3BAB00199982 /* LaunchScreen.xib in Resources */ = {isa = PBXBuildFile; fileRef = C5259C5B1B5E3BAB00199982 /* LaunchScreen.xib */; };
		C5259C691B5E3BAB00199982 /* MusicPlayTests.m in Sources */ = {isa = PBXBuildFile; fileRef = C5259C681B5E3BAB00199982 /* MusicPlayTests.m */; };
		C5259C881B5E415100199982 /* Let It Go.mp3 in Resources */ = {isa = PBXBuildFile; fileRef = C5259C741B5E415100199982 /* Let It Go.mp3 */; };
		C5259C891B5E415100199982 /* 小苹果.mp3 in Resources */ = {isa = PBXBuildFile; fileRef = C5259C751B5E415100199982 /* 小苹果.mp3 */; };
		C5259C8A1B5E415100199982 /* 愿得一人心(剧场版).lrc in Resources */ = {isa = PBXBuildFile; fileRef = C5259C761B5E415100199982 /* 愿得一人心(剧场版).lrc */; };
		C5259C8B1B5E415100199982 /* 愿得一人心(剧场版).mp3 in Resources */ = {isa = PBXBuildFile; fileRef = C5259C771B5E415100199982 /* 愿得一人心(剧场版).mp3 */; };
		C5259C8C1B5E415100199982 /* 昨迟人.mp3 in Resources */ = {isa = PBXBuildFile; fileRef = C5259C781B5E415100199982 /* 昨迟人.mp3 */; };
		C5259C8D1B5E415100199982 /* 泡沫.mp3 in Resources */ = {isa = PBXBuildFile; fileRef = C5259C791B5E415100199982 /* 泡沫.mp3 */; };
		C5259C8E1B5E415100199982 /* 爱莫忘.mp3 in Resources */ = {isa = PBXBuildFile; fileRef = C5259C7A1B5E415100199982 /* 爱莫忘.mp3 */; };
		C5259C8F1B5E415100199982 /* 爸爸去哪儿.mp3 in Resources */ = {isa = PBXBuildFile; fileRef = C5259C7B1B5E415100199982 /* 爸爸去哪儿.mp3 */; };
		C5259C901B5E415100199982 /* bbqne_100.png in Resources */ = {isa = PBXBuildFile; fileRef = C5259C7D1B5E415100199982 /* bbqne_100.png */; };
		C5259C911B5E415100199982 /* bbqne_400.png in Resources */ = {isa = PBXBuildFile; fileRef = C5259C7E1B5E415100199982 /* bbqne_400.png */; };
		C5259C921B5E415100199982 /* gem_100.png in Resources */ = {isa = PBXBuildFile; fileRef = C5259C7F1B5E415100199982 /* gem_100.png */; };
		C5259C931B5E415100199982 /* gem_400.png in Resources */ = {isa = PBXBuildFile; fileRef = C5259C801B5E415100199982 /* gem_400.png */; };
		C5259C941B5E415100199982 /* kzxd_100.png in Resources */ = {isa = PBXBuildFile; fileRef = C5259C811B5E415100199982 /* kzxd_100.png */; };
		C5259C951B5E415100199982 /* kzxd_400.png in Resources */ = {isa = PBXBuildFile; fileRef = C5259C821B5E415100199982 /* kzxd_400.png */; };
		C5259C961B5E415100199982 /* song_100.png in Resources */ = {isa = PBXBuildFile; fileRef = C5259C831B5E415100199982 /* song_100.png */; };
		C5259C971B5E415100199982 /* song_400.png in Resources */ = {isa = PBXBuildFile; fileRef = C5259C841B5E415100199982 /* song_400.png */; };
		C5259C981B5E415100199982 /* zxy_100.png in Resources */ = {isa = PBXBuildFile; fileRef = C5259C851B5E415100199982 /* zxy_100.png */; };
		C5259C991B5E415100199982 /* zxy_400.png in Resources */ = {isa = PBXBuildFile; fileRef = C5259C861B5E415100199982 /* zxy_400.png */; };
		C5259C9A1B5E415100199982 /* songs.plist in Resources */ = {isa = PBXBuildFile; fileRef = C5259C871B5E415100199982 /* songs.plist */; };
		C5259CA51B5E430700199982 /* MusicPlayerViewController.m in Sources */ = {isa = PBXBuildFile; fileRef = C5259CA41B5E430700199982 /* MusicPlayerViewController.m */; };
		C5259CA81B5E432B00199982 /* MusicCell.m in Sources */ = {isa = PBXBuildFile; fileRef = C5259CA71B5E432B00199982 /* MusicCell.m */; };
		C5259CAE1B5E43A500199982 /* PlayerToolBar.m in Sources */ = {isa = PBXBuildFile; fileRef = C5259CAD1B5E43A500199982 /* PlayerToolBar.m */; };
		C5259CCC1B5E440600199982 /* MJArgument.m in Sources */ = {isa = PBXBuildFile; fileRef = C5259CBA1B5E440600199982 /* MJArgument.m */; };
		C5259CCD1B5E440600199982 /* MJIvar.m in Sources */ = {isa = PBXBuildFile; fileRef = C5259CBD1B5E440600199982 /* MJIvar.m */; };
		C5259CCE1B5E440600199982 /* MJMember.m in Sources */ = {isa = PBXBuildFile; fileRef = C5259CBF1B5E440600199982 /* MJMember.m */; };
		C5259CCF1B5E440600199982 /* MJMethod.m in Sources */ = {isa = PBXBuildFile; fileRef = C5259CC11B5E440600199982 /* MJMethod.m */; };
		C5259CD01B5E440600199982 /* MJType.m in Sources */ = {isa = PBXBuildFile; fileRef = C5259CC31B5E440600199982 /* MJType.m */; };
		C5259CD11B5E440600199982 /* MJTypeEncoding.m in Sources */ = {isa = PBXBuildFile; fileRef = C5259CC51B5E440600199982 /* MJTypeEncoding.m */; };
		C5259CD21B5E440600199982 /* NSObject+MJCoding.m in Sources */ = {isa = PBXBuildFile; fileRef = C5259CC71B5E440600199982 /* NSObject+MJCoding.m */; };
		C5259CD31B5E440600199982 /* NSObject+MJKeyValue.m in Sources */ = {isa = PBXBuildFile; fileRef = C5259CC91B5E440600199982 /* NSObject+MJKeyValue.m */; };
		C5259CD41B5E440600199982 /* NSObject+MJMember.m in Sources */ = {isa = PBXBuildFile; fileRef = C5259CCB1B5E440600199982 /* NSObject+MJMember.m */; };
		C5259CD81B5E444300199982 /* MusicTool.m in Sources */ = {isa = PBXBuildFile; fileRef = C5259CD71B5E444300199982 /* MusicTool.m */; };
		C5259CDC1B5E447F00199982 /* Music.m in Sources */ = {isa = PBXBuildFile; fileRef = C5259CDB1B5E447F00199982 /* Music.m */; };
		C5259CDE1B5E46C900199982 /* PlayerToolBar.xib in Resources */ = {isa = PBXBuildFile; fileRef = C5259CDD1B5E46C900199982 /* PlayerToolBar.xib */; };
		C5259CE11B5E5C8E00199982 /* UIImage+MP.m in Sources */ = {isa = PBXBuildFile; fileRef = C5259CE01B5E5C8E00199982 /* UIImage+MP.m */; };
		C5259CE41B5E5EFB00199982 /* UIButton+MP.m in Sources */ = {isa = PBXBuildFile; fileRef = C5259CE31B5E5EFB00199982 /* UIButton+MP.m */; };
		C5259CE71B5E5F1800199982 /* NSString+MP.m in Sources */ = {isa = PBXBuildFile; fileRef = C5259CE61B5E5F1800199982 /* NSString+MP.m */; };
/* End PBXBuildFile section */

/* Begin PBXContainerItemProxy section */
		C5259C631B5E3BAB00199982 /* PBXContainerItemProxy */ = {
			isa = PBXContainerItemProxy;
			containerPortal = C5259C411B5E3BAB00199982 /* Project object */;
			proxyType = 1;
			remoteGlobalIDString = C5259C481B5E3BAB00199982;
			remoteInfo = MusicPlay;
		};
/* End PBXContainerItemProxy section */

/* Begin PBXFileReference section */
		C5259C491B5E3BAB00199982 /* MusicPlay.app */ = {isa = PBXFileReference; explicitFileType = wrapper.application; includeInIndex = 0; path = MusicPlay.app; sourceTree = BUILT_PRODUCTS_DIR; };
		C5259C4D1B5E3BAB00199982 /* Info.plist */ = {isa = PBXFileReference; lastKnownFileType = text.plist.xml; path = Info.plist; sourceTree = "<group>"; };
		C5259C4E1B5E3BAB00199982 /* main.m */ = {isa = PBXFileReference; lastKnownFileType = sourcecode.c.objc; path = main.m; sourceTree = "<group>"; };
		C5259C501B5E3BAB00199982 /* AppDelegate.h */ = {isa = PBXFileReference; lastKnownFileType = sourcecode.c.h; path = AppDelegate.h; sourceTree = "<group>"; };
		C5259C511B5E3BAB00199982 /* AppDelegate.m */ = {isa = PBXFileReference; lastKnownFileType = sourcecode.c.objc; path = AppDelegate.m; sourceTree = "<group>"; };
		C5259C531B5E3BAB00199982 /* ViewController.h */ = {isa = PBXFileReference; lastKnownFileType = sourcecode.c.h; path = ViewController.h; sourceTree = "<group>"; };
		C5259C541B5E3BAB00199982 /* ViewController.m */ = {isa = PBXFileReference; lastKnownFileType = sourcecode.c.objc; path = ViewController.m; sourceTree = "<group>"; };
		C5259C571B5E3BAB00199982 /* Base */ = {isa = PBXFileReference; lastKnownFileType = file.storyboard; name = Base; path = Base.lproj/Main.storyboard; sourceTree = "<group>"; };
		C5259C591B5E3BAB00199982 /* Images.xcassets */ = {isa = PBXFileReference; lastKnownFileType = folder.assetcatalog; path = Images.xcassets; sourceTree = "<group>"; };
		C5259C5C1B5E3BAB00199982 /* Base */ = {isa = PBXFileReference; lastKnownFileType = file.xib; name = Base; path = Base.lproj/LaunchScreen.xib; sourceTree = "<group>"; };
		C5259C621B5E3BAB00199982 /* MusicPlayTests.xctest */ = {isa = PBXFileReference; explicitFileType = wrapper.cfbundle; includeInIndex = 0; path = MusicPlayTests.xctest; sourceTree = BUILT_PRODUCTS_DIR; };
		C5259C671B5E3BAB00199982 /* Info.plist */ = {isa = PBXFileReference; lastKnownFileType = text.plist.xml; path = Info.plist; sourceTree = "<group>"; };
		C5259C681B5E3BAB00199982 /* MusicPlayTests.m */ = {isa = PBXFileReference; lastKnownFileType = sourcecode.c.objc; path = MusicPlayTests.m; sourceTree = "<group>"; };
		C5259C741B5E415100199982 /* Let It Go.mp3 */ = {isa = PBXFileReference; lastKnownFileType = audio.mp3; path = "Let It Go.mp3"; sourceTree = "<group>"; };
		C5259C751B5E415100199982 /* 小苹果.mp3 */ = {isa = PBXFileReference; lastKnownFileType = audio.mp3; path = "小苹果.mp3"; sourceTree = "<group>"; };
		C5259C761B5E415100199982 /* 愿得一人心(剧场版).lrc */ = {isa = PBXFileReference; fileEncoding = 4; lastKnownFileType = text; path = "愿得一人心(剧场版).lrc"; sourceTree = "<group>"; };
		C5259C771B5E415100199982 /* 愿得一人心(剧场版).mp3 */ = {isa = PBXFileReference; lastKnownFileType = audio.mp3; path = "愿得一人心(剧场版).mp3"; sourceTree = "<group>"; };
		C5259C781B5E415100199982 /* 昨迟人.mp3 */ = {isa = PBXFileReference; lastKnownFileType = audio.mp3; path = "昨迟人.mp3"; sourceTree = "<group>"; };
		C5259C791B5E415100199982 /* 泡沫.mp3 */ = {isa = PBXFileReference; lastKnownFileType = audio.mp3; path = "泡沫.mp3"; sourceTree = "<group>"; };
		C5259C7A1B5E415100199982 /* 爱莫忘.mp3 */ = {isa = PBXFileReference; lastKnownFileType = audio.mp3; path = "爱莫忘.mp3"; sourceTree = "<group>"; };
		C5259C7B1B5E415100199982 /* 爸爸去哪儿.mp3 */ = {isa = PBXFileReference; lastKnownFileType = audio.mp3; path = "爸爸去哪儿.mp3"; sourceTree = "<group>"; };
		C5259C7D1B5E415100199982 /* bbqne_100.png */ = {isa = PBXFileReference; lastKnownFileType = image.png; path = bbqne_100.png; sourceTree = "<group>"; };
		C5259C7E1B5E415100199982 /* bbqne_400.png */ = {isa = PBXFileReference; lastKnownFileType = image.png; path = bbqne_400.png; sourceTree = "<group>"; };
		C5259C7F1B5E415100199982 /* gem_100.png */ = {isa = PBXFileReference; lastKnownFileType = image.png; path = gem_100.png; sourceTree = "<group>"; };
		C5259C801B5E415100199982 /* gem_400.png */ = {isa = PBXFileReference; lastKnownFileType = image.png; path = gem_400.png; sourceTree = "<group>"; };
		C5259C811B5E415100199982 /* kzxd_100.png */ = {isa = PBXFileReference; lastKnownFileType = image.png; path = kzxd_100.png; sourceTree = "<group>"; };
		C5259C821B5E415100199982 /* kzxd_400.png */ = {isa = PBXFileReference; lastKnownFileType = image.png; path = kzxd_400.png; sourceTree = "<group>"; };
		C5259C831B5E415100199982 /* song_100.png */ = {isa = PBXFileReference; lastKnownFileType = image.png; path = song_100.png; sourceTree = "<group>"; };
		C5259C841B5E415100199982 /* song_400.png */ = {isa = PBXFileReference; lastKnownFileType = image.png; path = song_400.png; sourceTree = "<group>"; };
		C5259C851B5E415100199982 /* zxy_100.png */ = {isa = PBXFileReference; lastKnownFileType = image.png; path = zxy_100.png; sourceTree = "<group>"; };
		C5259C861B5E415100199982 /* zxy_400.png */ = {isa = PBXFileReference; lastKnownFileType = image.png; path = zxy_400.png; sourceTree = "<group>"; };
		C5259C871B5E415100199982 /* songs.plist */ = {isa = PBXFileReference; fileEncoding = 4; lastKnownFileType = text.plist.xml; path = songs.plist; sourceTree = "<group>"; };
		C5259CA31B5E430700199982 /* MusicPlayerViewController.h */ = {isa = PBXFileReference; fileEncoding = 4; lastKnownFileType = sourcecode.c.h; path = MusicPlayerViewController.h; sourceTree = "<group>"; };
		C5259CA41B5E430700199982 /* MusicPlayerViewController.m */ = {isa = PBXFileReference; fileEncoding = 4; lastKnownFileType = sourcecode.c.objc; path = MusicPlayerViewController.m; sourceTree = "<group>"; };
		C5259CA61B5E432B00199982 /* MusicCell.h */ = {isa = PBXFileReference; fileEncoding = 4; lastKnownFileType = sourcecode.c.h; path = MusicCell.h; sourceTree = "<group>"; };
		C5259CA71B5E432B00199982 /* MusicCell.m */ = {isa = PBXFileReference; fileEncoding = 4; lastKnownFileType = sourcecode.c.objc; path = MusicCell.m; sourceTree = "<group>"; };
		C5259CAC1B5E43A500199982 /* PlayerToolBar.h */ = {isa = PBXFileReference; fileEncoding = 4; lastKnownFileType = sourcecode.c.h; path = PlayerToolBar.h; sourceTree = "<group>"; };
		C5259CAD1B5E43A500199982 /* PlayerToolBar.m */ = {isa = PBXFileReference; fileEncoding = 4; lastKnownFileType = sourcecode.c.objc; path = PlayerToolBar.m; sourceTree = "<group>"; };
		C5259CB91B5E440600199982 /* MJArgument.h */ = {isa = PBXFileReference; fileEncoding = 4; lastKnownFileType = sourcecode.c.h; path = MJArgument.h; sourceTree = "<group>"; };
		C5259CBA1B5E440600199982 /* MJArgument.m */ = {isa = PBXFileReference; fileEncoding = 4; lastKnownFileType = sourcecode.c.objc; path = MJArgument.m; sourceTree = "<group>"; };
		C5259CBB1B5E440600199982 /* MJExtension.h */ = {isa = PBXFileReference; fileEncoding = 4; lastKnownFileType = sourcecode.c.h; path = MJExtension.h; sourceTree = "<group>"; };
		C5259CBC1B5E440600199982 /* MJIvar.h */ = {isa = PBXFileReference; fileEncoding = 4; lastKnownFileType = sourcecode.c.h; path = MJIvar.h; sourceTree = "<group>"; };
		C5259CBD1B5E440600199982 /* MJIvar.m */ = {isa = PBXFileReference; fileEncoding = 4; lastKnownFileType = sourcecode.c.objc; path = MJIvar.m; sourceTree = "<group>"; };
		C5259CBE1B5E440600199982 /* MJMember.h */ = {isa = PBXFileReference; fileEncoding = 4; lastKnownFileType = sourcecode.c.h; path = MJMember.h; sourceTree = "<group>"; };
		C5259CBF1B5E440600199982 /* MJMember.m */ = {isa = PBXFileReference; fileEncoding = 4; lastKnownFileType = sourcecode.c.objc; path = MJMember.m; sourceTree = "<group>"; };
		C5259CC01B5E440600199982 /* MJMethod.h */ = {isa = PBXFileReference; fileEncoding = 4; lastKnownFileType = sourcecode.c.h; path = MJMethod.h; sourceTree = "<group>"; };
		C5259CC11B5E440600199982 /* MJMethod.m */ = {isa = PBXFileReference; fileEncoding = 4; lastKnownFileType = sourcecode.c.objc; path = MJMethod.m; sourceTree = "<group>"; };
		C5259CC21B5E440600199982 /* MJType.h */ = {isa = PBXFileReference; fileEncoding = 4; lastKnownFileType = sourcecode.c.h; path = MJType.h; sourceTree = "<group>"; };
		C5259CC31B5E440600199982 /* MJType.m */ = {isa = PBXFileReference; fileEncoding = 4; lastKnownFileType = sourcecode.c.objc; path = MJType.m; sourceTree = "<group>"; };
		C5259CC41B5E440600199982 /* MJTypeEncoding.h */ = {isa = PBXFileReference; fileEncoding = 4; lastKnownFileType = sourcecode.c.h; path = MJTypeEncoding.h; sourceTree = "<group>"; };
		C5259CC51B5E440600199982 /* MJTypeEncoding.m */ = {isa = PBXFileReference; fileEncoding = 4; lastKnownFileType = sourcecode.c.objc; path = MJTypeEncoding.m; sourceTree = "<group>"; };
		C5259CC61B5E440600199982 /* NSObject+MJCoding.h */ = {isa = PBXFileReference; fileEncoding = 4; lastKnownFileType = sourcecode.c.h; path = "NSObject+MJCoding.h"; sourceTree = "<group>"; };
		C5259CC71B5E440600199982 /* NSObject+MJCoding.m */ = {isa = PBXFileReference; fileEncoding = 4; lastKnownFileType = sourcecode.c.objc; path = "NSObject+MJCoding.m"; sourceTree = "<group>"; };
		C5259CC81B5E440600199982 /* NSObject+MJKeyValue.h */ = {isa = PBXFileReference; fileEncoding = 4; lastKnownFileType = sourcecode.c.h; path = "NSObject+MJKeyValue.h"; sourceTree = "<group>"; };
		C5259CC91B5E440600199982 /* NSObject+MJKeyValue.m */ = {isa = PBXFileReference; fileEncoding = 4; lastKnownFileType = sourcecode.c.objc; path = "NSObject+MJKeyValue.m"; sourceTree = "<group>"; };
		C5259CCA1B5E440600199982 /* NSObject+MJMember.h */ = {isa = PBXFileReference; fileEncoding = 4; lastKnownFileType = sourcecode.c.h; path = "NSObject+MJMember.h"; sourceTree = "<group>"; };
		C5259CCB1B5E440600199982 /* NSObject+MJMember.m */ = {isa = PBXFileReference; fileEncoding = 4; lastKnownFileType = sourcecode.c.objc; path = "NSObject+MJMember.m"; sourceTree = "<group>"; };
		C5259CD61B5E444300199982 /* MusicTool.h */ = {isa = PBXFileReference; fileEncoding = 4; lastKnownFileType = sourcecode.c.h; path = MusicTool.h; sourceTree = "<group>"; };
		C5259CD71B5E444300199982 /* MusicTool.m */ = {isa = PBXFileReference; fileEncoding = 4; lastKnownFileType = sourcecode.c.objc; path = MusicTool.m; sourceTree = "<group>"; };
		C5259CD91B5E445E00199982 /* Singleton.h */ = {isa = PBXFileReference; lastKnownFileType = sourcecode.c.h; path = Singleton.h; sourceTree = "<group>"; };
		C5259CDA1B5E447F00199982 /* Music.h */ = {isa = PBXFileReference; fileEncoding = 4; lastKnownFileType = sourcecode.c.h; path = Music.h; sourceTree = "<group>"; };
		C5259CDB1B5E447F00199982 /* Music.m */ = {isa = PBXFileReference; fileEncoding = 4; lastKnownFileType = sourcecode.c.objc; path = Music.m; sourceTree = "<group>"; };
		C5259CDD1B5E46C900199982 /* PlayerToolBar.xib */ = {isa = PBXFileReference; fileEncoding = 4; lastKnownFileType = file.xib; path = PlayerToolBar.xib; sourceTree = "<group>"; };
		C5259CDF1B5E5C8E00199982 /* UIImage+MP.h */ = {isa = PBXFileReference; fileEncoding = 4; lastKnownFileType = sourcecode.c.h; path = "UIImage+MP.h"; sourceTree = "<group>"; };
		C5259CE01B5E5C8E00199982 /* UIImage+MP.m */ = {isa = PBXFileReference; fileEncoding = 4; lastKnownFileType = sourcecode.c.objc; path = "UIImage+MP.m"; sourceTree = "<group>"; };
		C5259CE21B5E5EFB00199982 /* UIButton+MP.h */ = {isa = PBXFileReference; fileEncoding = 4; lastKnownFileType = sourcecode.c.h; path = "UIButton+MP.h"; sourceTree = "<group>"; };
		C5259CE31B5E5EFB00199982 /* UIButton+MP.m */ = {isa = PBXFileReference; fileEncoding = 4; lastKnownFileType = sourcecode.c.objc; path = "UIButton+MP.m"; sourceTree = "<group>"; };
		C5259CE51B5E5F1800199982 /* NSString+MP.h */ = {isa = PBXFileReference; fileEncoding = 4; lastKnownFileType = sourcecode.c.h; path = "NSString+MP.h"; sourceTree = "<group>"; };
		C5259CE61B5E5F1800199982 /* NSString+MP.m */ = {isa = PBXFileReference; fileEncoding = 4; lastKnownFileType = sourcecode.c.objc; path = "NSString+MP.m"; sourceTree = "<group>"; };
/* End PBXFileReference section */

/* Begin PBXFrameworksBuildPhase section */
		C5259C461B5E3BAB00199982 /* Frameworks */ = {
			isa = PBXFrameworksBuildPhase;
			buildActionMask = 2147483647;
			files = (
			);
			runOnlyForDeploymentPostprocessing = 0;
		};
		C5259C5F1B5E3BAB00199982 /* Frameworks */ = {
			isa = PBXFrameworksBuildPhase;
			buildActionMask = 2147483647;
			files = (
			);
			runOnlyForDeploymentPostprocessing = 0;
		};
/* End PBXFrameworksBuildPhase section */

/* Begin PBXGroup section */
		C5259C401B5E3BAB00199982 = {
			isa = PBXGroup;
			children = (
				C5259C4B1B5E3BAB00199982 /* MusicPlay */,
				C5259C651B5E3BAB00199982 /* MusicPlayTests */,
				C5259C4A1B5E3BAB00199982 /* Products */,
			);
			sourceTree = "<group>";
		};
		C5259C4A1B5E3BAB00199982 /* Products */ = {
			isa = PBXGroup;
			children = (
				C5259C491B5E3BAB00199982 /* MusicPlay.app */,
				C5259C621B5E3BAB00199982 /* MusicPlayTests.xctest */,
			);
			name = Products;
			sourceTree = "<group>";
		};
		C5259C4B1B5E3BAB00199982 /* MusicPlay */ = {
			isa = PBXGroup;
			children = (
				C5259CA21B5E42CD00199982 /* Model */,
				C5259CA11B5E42C500199982 /* View */,
				C5259CA01B5E42B900199982 /* Controller */,
				C5259C9C1B5E426500199982 /* Lib */,
				C5259C9B1B5E425E00199982 /* Tool */,
				C5259C501B5E3BAB00199982 /* AppDelegate.h */,
				C5259C511B5E3BAB00199982 /* AppDelegate.m */,
				C5259C531B5E3BAB00199982 /* ViewController.h */,
				C5259C541B5E3BAB00199982 /* ViewController.m */,
				C5259C561B5E3BAB00199982 /* Main.storyboard */,
				C5259C591B5E3BAB00199982 /* Images.xcassets */,
				C5259C5B1B5E3BAB00199982 /* LaunchScreen.xib */,
				C5259C4C1B5E3BAB00199982 /* Supporting Files */,
			);
			path = MusicPlay;
			sourceTree = "<group>";
		};
		C5259C4C1B5E3BAB00199982 /* Supporting Files */ = {
			isa = PBXGroup;
			children = (
				C5259C721B5E415100199982 /* resouces */,
				C5259C4D1B5E3BAB00199982 /* Info.plist */,
				C5259C4E1B5E3BAB00199982 /* main.m */,
			);
			name = "Supporting Files";
			sourceTree = "<group>";
		};
		C5259C651B5E3BAB00199982 /* MusicPlayTests */ = {
			isa = PBXGroup;
			children = (
				C5259C681B5E3BAB00199982 /* MusicPlayTests.m */,
				C5259C661B5E3BAB00199982 /* Supporting Files */,
			);
			path = MusicPlayTests;
			sourceTree = "<group>";
		};
		C5259C661B5E3BAB00199982 /* Supporting Files */ = {
			isa = PBXGroup;
			children = (
				C5259C671B5E3BAB00199982 /* Info.plist */,
			);
			name = "Supporting Files";
			sourceTree = "<group>";
		};
		C5259C721B5E415100199982 /* resouces */ = {
			isa = PBXGroup;
			children = (
				C5259C731B5E415100199982 /* MP3 */,
				C5259C7C1B5E415100199982 /* SingerImages */,
				C5259C871B5E415100199982 /* songs.plist */,
			);
			path = resouces;
			sourceTree = "<group>";
		};
		C5259C731B5E415100199982 /* MP3 */ = {
			isa = PBXGroup;
			children = (
				C5259C741B5E415100199982 /* Let It Go.mp3 */,
				C5259C751B5E415100199982 /* 小苹果.mp3 */,
				C5259C761B5E415100199982 /* 愿得一人心(剧场版).lrc */,
				C5259C771B5E415100199982 /* 愿得一人心(剧场版).mp3 */,
				C5259C781B5E415100199982 /* 昨迟人.mp3 */,
				C5259C791B5E415100199982 /* 泡沫.mp3 */,
				C5259C7A1B5E415100199982 /* 爱莫忘.mp3 */,
				C5259C7B1B5E415100199982 /* 爸爸去哪儿.mp3 */,
			);
			path = MP3;
			sourceTree = "<group>";
		};
		C5259C7C1B5E415100199982 /* SingerImages */ = {
			isa = PBXGroup;
			children = (
				C5259C7D1B5E415100199982 /* bbqne_100.png */,
				C5259C7E1B5E415100199982 /* bbqne_400.png */,
				C5259C7F1B5E415100199982 /* gem_100.png */,
				C5259C801B5E415100199982 /* gem_400.png */,
				C5259C811B5E415100199982 /* kzxd_100.png */,
				C5259C821B5E415100199982 /* kzxd_400.png */,
				C5259C831B5E415100199982 /* song_100.png */,
				C5259C841B5E415100199982 /* song_400.png */,
				C5259C851B5E415100199982 /* zxy_100.png */,
				C5259C861B5E415100199982 /* zxy_400.png */,
			);
			path = SingerImages;
			sourceTree = "<group>";
		};
		C5259C9B1B5E425E00199982 /* Tool */ = {
			isa = PBXGroup;
			children = (
				C5259CD91B5E445E00199982 /* Singleton.h */,
				C5259CD61B5E444300199982 /* MusicTool.h */,
				C5259CD71B5E444300199982 /* MusicTool.m */,
			);
			name = Tool;
			sourceTree = "<group>";
		};
		C5259C9C1B5E426500199982 /* Lib */ = {
			isa = PBXGroup;
			children = (
				C5259C9E1B5E427C00199982 /* MJExtension */,
				C5259C9D1B5E427100199982 /* Category */,
			);
			name = Lib;
			sourceTree = "<group>";
		};
		C5259C9D1B5E427100199982 /* Category */ = {
			isa = PBXGroup;
			children = (
				C5259CDF1B5E5C8E00199982 /* UIImage+MP.h */,
				C5259CE01B5E5C8E00199982 /* UIImage+MP.m */,
				C5259CE21B5E5EFB00199982 /* UIButton+MP.h */,
				C5259CE31B5E5EFB00199982 /* UIButton+MP.m */,
				C5259CE51B5E5F1800199982 /* NSString+MP.h */,
				C5259CE61B5E5F1800199982 /* NSString+MP.m */,
			);
			name = Category;
			sourceTree = "<group>";
		};
		C5259C9E1B5E427C00199982 /* MJExtension */ = {
			isa = PBXGroup;
			children = (
				C5259CB81B5E440600199982 /* MJExtension */,
			);
			name = MJExtension;
			sourceTree = "<group>";
		};
		C5259CA01B5E42B900199982 /* Controller */ = {
			isa = PBXGroup;
			children = (
				C5259CA31B5E430700199982 /* MusicPlayerViewController.h */,
				C5259CA41B5E430700199982 /* MusicPlayerViewController.m */,
			);
			name = Controller;
			sourceTree = "<group>";
		};
		C5259CA11B5E42C500199982 /* View */ = {
			isa = PBXGroup;
			children = (
				C5259CA61B5E432B00199982 /* MusicCell.h */,
				C5259CA71B5E432B00199982 /* MusicCell.m */,
				C5259CAC1B5E43A500199982 /* PlayerToolBar.h */,
				C5259CAD1B5E43A500199982 /* PlayerToolBar.m */,
				C5259CDD1B5E46C900199982 /* PlayerToolBar.xib */,
			);
			name = View;
			sourceTree = "<group>";
		};
		C5259CA21B5E42CD00199982 /* Model */ = {
			isa = PBXGroup;
			children = (
				C5259CDA1B5E447F00199982 /* Music.h */,
				C5259CDB1B5E447F00199982 /* Music.m */,
			);
			name = Model;
			sourceTree = "<group>";
		};
		C5259CB81B5E440600199982 /* MJExtension */ = {
			isa = PBXGroup;
			children = (
				C5259CB91B5E440600199982 /* MJArgument.h */,
				C5259CBA1B5E440600199982 /* MJArgument.m */,
				C5259CBB1B5E440600199982 /* MJExtension.h */,
				C5259CBC1B5E440600199982 /* MJIvar.h */,
				C5259CBD1B5E440600199982 /* MJIvar.m */,
				C5259CBE1B5E440600199982 /* MJMember.h */,
				C5259CBF1B5E440600199982 /* MJMember.m */,
				C5259CC01B5E440600199982 /* MJMethod.h */,
				C5259CC11B5E440600199982 /* MJMethod.m */,
				C5259CC21B5E440600199982 /* MJType.h */,
				C5259CC31B5E440600199982 /* MJType.m */,
				C5259CC41B5E440600199982 /* MJTypeEncoding.h */,
				C5259CC51B5E440600199982 /* MJTypeEncoding.m */,
				C5259CC61B5E440600199982 /* NSObject+MJCoding.h */,
				C5259CC71B5E440600199982 /* NSObject+MJCoding.m */,
				C5259CC81B5E440600199982 /* NSObject+MJKeyValue.h */,
				C5259CC91B5E440600199982 /* NSObject+MJKeyValue.m */,
				C5259CCA1B5E440600199982 /* NSObject+MJMember.h */,
				C5259CCB1B5E440600199982 /* NSObject+MJMember.m */,
			);
			path = MJExtension;
			sourceTree = "<group>";
		};
/* End PBXGroup section */

/* Begin PBXNativeTarget section */
		C5259C481B5E3BAB00199982 /* MusicPlay */ = {
			isa = PBXNativeTarget;
			buildConfigurationList = C5259C6C1B5E3BAB00199982 /* Build configuration list for PBXNativeTarget "MusicPlay" */;
			buildPhases = (
				C5259C451B5E3BAB00199982 /* Sources */,
				C5259C461B5E3BAB00199982 /* Frameworks */,
				C5259C471B5E3BAB00199982 /* Resources */,
			);
			buildRules = (
			);
			dependencies = (
			);
			name = MusicPlay;
			productName = MusicPlay;
			productReference = C5259C491B5E3BAB00199982 /* MusicPlay.app */;
			productType = "com.apple.product-type.application";
		};
		C5259C611B5E3BAB00199982 /* MusicPlayTests */ = {
			isa = PBXNativeTarget;
			buildConfigurationList = C5259C6F1B5E3BAB00199982 /* Build configuration list for PBXNativeTarget "MusicPlayTests" */;
			buildPhases = (
				C5259C5E1B5E3BAB00199982 /* Sources */,
				C5259C5F1B5E3BAB00199982 /* Frameworks */,
				C5259C601B5E3BAB00199982 /* Resources */,
			);
			buildRules = (
			);
			dependencies = (
				C5259C641B5E3BAB00199982 /* PBXTargetDependency */,
			);
			name = MusicPlayTests;
			productName = MusicPlayTests;
			productReference = C5259C621B5E3BAB00199982 /* MusicPlayTests.xctest */;
			productType = "com.apple.product-type.bundle.unit-test";
		};
/* End PBXNativeTarget section */

/* Begin PBXProject section */
		C5259C411B5E3BAB00199982 /* Project object */ = {
			isa = PBXProject;
			attributes = {
				LastUpgradeCheck = 0630;
				ORGANIZATIONNAME = jobs;
				TargetAttributes = {
					C5259C481B5E3BAB00199982 = {
						CreatedOnToolsVersion = 6.3;
					};
					C5259C611B5E3BAB00199982 = {
						CreatedOnToolsVersion = 6.3;
						TestTargetID = C5259C481B5E3BAB00199982;
					};
				};
			};
			buildConfigurationList = C5259C441B5E3BAB00199982 /* Build configuration list for PBXProject "MusicPlay" */;
			compatibilityVersion = "Xcode 3.2";
			developmentRegion = English;
			hasScannedForEncodings = 0;
			knownRegions = (
				en,
				Base,
			);
			mainGroup = C5259C401B5E3BAB00199982;
			productRefGroup = C5259C4A1B5E3BAB00199982 /* Products */;
			projectDirPath = "";
			projectRoot = "";
			targets = (
				C5259C481B5E3BAB00199982 /* MusicPlay */,
				C5259C611B5E3BAB00199982 /* MusicPlayTests */,
			);
		};
/* End PBXProject section */

/* Begin PBXResourcesBuildPhase section */
		C5259C471B5E3BAB00199982 /* Resources */ = {
			isa = PBXResourcesBuildPhase;
			buildActionMask = 2147483647;
			files = (
				C5259C991B5E415100199982 /* zxy_400.png in Resources */,
				C5259C941B5E415100199982 /* kzxd_100.png in Resources */,
				C5259C951B5E415100199982 /* kzxd_400.png in Resources */,
				C5259C971B5E415100199982 /* song_400.png in Resources */,
				C5259C891B5E415100199982 /* 小苹果.mp3 in Resources */,
				C5259C581B5E3BAB00199982 /* Main.storyboard in Resources */,
				C5259C8A1B5E415100199982 /* 愿得一人心(剧场版).lrc in Resources */,
				C5259C9A1B5E415100199982 /* songs.plist in Resources */,
				C5259C8B1B5E415100199982 /* 愿得一人心(剧场版).mp3 in Resources */,
				C5259C5D1B5E3BAB00199982 /* LaunchScreen.xib in Resources */,
				C5259C921B5E415100199982 /* gem_100.png in Resources */,
				C5259C5A1B5E3BAB00199982 /* Images.xcassets in Resources */,
				C5259CDE1B5E46C900199982 /* PlayerToolBar.xib in Resources */,
				C5259C931B5E415100199982 /* gem_400.png in Resources */,
				C5259C8F1B5E415100199982 /* 爸爸去哪儿.mp3 in Resources */,
				C5259C8D1B5E415100199982 /* 泡沫.mp3 in Resources */,
				C5259C901B5E415100199982 /* bbqne_100.png in Resources */,
				C5259C8C1B5E415100199982 /* 昨迟人.mp3 in Resources */,
				C5259C881B5E415100199982 /* Let It Go.mp3 in Resources */,
				C5259C911B5E415100199982 /* bbqne_400.png in Resources */,
				C5259C981B5E415100199982 /* zxy_100.png in Resources */,
				C5259C961B5E415100199982 /* song_100.png in Resources */,
				C5259C8E1B5E415100199982 /* 爱莫忘.mp3 in Resources */,
			);
			runOnlyForDeploymentPostprocessing = 0;
		};
		C5259C601B5E3BAB00199982 /* Resources */ = {
			isa = PBXResourcesBuildPhase;
			buildActionMask = 2147483647;
			files = (
			);
			runOnlyForDeploymentPostprocessing = 0;
		};
/* End PBXResourcesBuildPhase section */

/* Begin PBXSourcesBuildPhase section */
		C5259C451B5E3BAB00199982 /* Sources */ = {
			isa = PBXSourcesBuildPhase;
			buildActionMask = 2147483647;
			files = (
				C5259CE41B5E5EFB00199982 /* UIButton+MP.m in Sources */,
				C5259CCD1B5E440600199982 /* MJIvar.m in Sources */,
				C5259CCC1B5E440600199982 /* MJArgument.m in Sources */,
				C5259C551B5E3BAB00199982 /* ViewController.m in Sources */,
				C5259CE11B5E5C8E00199982 /* UIImage+MP.m in Sources */,
				C5259CD01B5E440600199982 /* MJType.m in Sources */,
				C5259CCE1B5E440600199982 /* MJMember.m in Sources */,
				C5259C521B5E3BAB00199982 /* AppDelegate.m in Sources */,
				C5259CE71B5E5F1800199982 /* NSString+MP.m in Sources */,
				C5259CD31B5E440600199982 /* NSObject+MJKeyValue.m in Sources */,
				C5259C4F1B5E3BAB00199982 /* main.m in Sources */,
				C5259CD81B5E444300199982 /* MusicTool.m in Sources */,
				C5259CDC1B5E447F00199982 /* Music.m in Sources */,
				C5259CD11B5E440600199982 /* MJTypeEncoding.m in Sources */,
				C5259CA51B5E430700199982 /* MusicPlayerViewController.m in Sources */,
				C5259CD21B5E440600199982 /* NSObject+MJCoding.m in Sources */,
				C5259CAE1B5E43A500199982 /* PlayerToolBar.m in Sources */,
				C5259CCF1B5E440600199982 /* MJMethod.m in Sources */,
				C5259CD41B5E440600199982 /* NSObject+MJMember.m in Sources */,
				C5259CA81B5E432B00199982 /* MusicCell.m in Sources */,
			);
			runOnlyForDeploymentPostprocessing = 0;
		};
		C5259C5E1B5E3BAB00199982 /* Sources */ = {
			isa = PBXSourcesBuildPhase;
			buildActionMask = 2147483647;
			files = (
				C5259C691B5E3BAB00199982 /* MusicPlayTests.m in Sources */,
			);
			runOnlyForDeploymentPostprocessing = 0;
		};
/* End PBXSourcesBuildPhase section */

/* Begin PBXTargetDependency section */
		C5259C641B5E3BAB00199982 /* PBXTargetDependency */ = {
			isa = PBXTargetDependency;
			target = C5259C481B5E3BAB00199982 /* MusicPlay */;
			targetProxy = C5259C631B5E3BAB00199982 /* PBXContainerItemProxy */;
		};
/* End PBXTargetDependency section */

/* Begin PBXVariantGroup section */
		C5259C561B5E3BAB00199982 /* Main.storyboard */ = {
			isa = PBXVariantGroup;
			children = (
				C5259C571B5E3BAB00199982 /* Base */,
			);
			name = Main.storyboard;
			sourceTree = "<group>";
		};
		C5259C5B1B5E3BAB00199982 /* LaunchScreen.xib */ = {
			isa = PBXVariantGroup;
			children = (
				C5259C5C1B5E3BAB00199982 /* Base */,
			);
			name = LaunchScreen.xib;
			sourceTree = "<group>";
		};
/* End PBXVariantGroup section */

/* Begin XCBuildConfiguration section */
		C5259C6A1B5E3BAB00199982 /* Debug */ = {
			isa = XCBuildConfiguration;
			buildSettings = {
				ALWAYS_SEARCH_USER_PATHS = NO;
				CLANG_CXX_LANGUAGE_STANDARD = "gnu++0x";
				CLANG_CXX_LIBRARY = "libc++";
				CLANG_ENABLE_MODULES = YES;
				CLANG_ENABLE_OBJC_ARC = YES;
				CLANG_WARN_BOOL_CONVERSION = YES;
				CLANG_WARN_CONSTANT_CONVERSION = YES;
				CLANG_WARN_DIRECT_OBJC_ISA_USAGE = YES_ERROR;
				CLANG_WARN_EMPTY_BODY = YES;
				CLANG_WARN_ENUM_CONVERSION = YES;
				CLANG_WARN_INT_CONVERSION = YES;
				CLANG_WARN_OBJC_ROOT_CLASS = YES_ERROR;
				CLANG_WARN_UNREACHABLE_CODE = YES;
				CLANG_WARN__DUPLICATE_METHOD_MATCH = YES;
				"CODE_SIGN_IDENTITY[sdk=iphoneos*]" = "iPhone Developer";
				COPY_PHASE_STRIP = NO;
				DEBUG_INFORMATION_FORMAT = "dwarf-with-dsym";
				ENABLE_STRICT_OBJC_MSGSEND = YES;
				GCC_C_LANGUAGE_STANDARD = gnu99;
				GCC_DYNAMIC_NO_PIC = NO;
				GCC_NO_COMMON_BLOCKS = YES;
				GCC_OPTIMIZATION_LEVEL = 0;
				GCC_PREPROCESSOR_DEFINITIONS = (
					"DEBUG=1",
					"$(inherited)",
				);
				GCC_SYMBOLS_PRIVATE_EXTERN = NO;
				GCC_WARN_64_TO_32_BIT_CONVERSION = YES;
				GCC_WARN_ABOUT_RETURN_TYPE = YES_ERROR;
				GCC_WARN_UNDECLARED_SELECTOR = YES;
				GCC_WARN_UNINITIALIZED_AUTOS = YES_AGGRESSIVE;
				GCC_WARN_UNUSED_FUNCTION = YES;
				GCC_WARN_UNUSED_VARIABLE = YES;
				IPHONEOS_DEPLOYMENT_TARGET = 8.3;
				MTL_ENABLE_DEBUG_INFO = YES;
				ONLY_ACTIVE_ARCH = YES;
				SDKROOT = iphoneos;
			};
			name = Debug;
		};
		C5259C6B1B5E3BAB00199982 /* Release */ = {
			isa = XCBuildConfiguration;
			buildSettings = {
				ALWAYS_SEARCH_USER_PATHS = NO;
				CLANG_CXX_LANGUAGE_STANDARD = "gnu++0x";
				CLANG_CXX_LIBRARY = "libc++";
				CLANG_ENABLE_MODULES = YES;
				CLANG_ENABLE_OBJC_ARC = YES;
				CLANG_WARN_BOOL_CONVERSION = YES;
				CLANG_WARN_CONSTANT_CONVERSION = YES;
				CLANG_WARN_DIRECT_OBJC_ISA_USAGE = YES_ERROR;
				CLANG_WARN_EMPTY_BODY = YES;
				CLANG_WARN_ENUM_CONVERSION = YES;
				CLANG_WARN_INT_CONVERSION = YES;
				CLANG_WARN_OBJC_ROOT_CLASS = YES_ERROR;
				CLANG_WARN_UNREACHABLE_CODE = YES;
				CLANG_WARN__DUPLICATE_METHOD_MATCH = YES;
				"CODE_SIGN_IDENTITY[sdk=iphoneos*]" = "iPhone Developer";
				COPY_PHASE_STRIP = NO;
				DEBUG_INFORMATION_FORMAT = "dwarf-with-dsym";
				ENABLE_NS_ASSERTIONS = NO;
				ENABLE_STRICT_OBJC_MSGSEND = YES;
				GCC_C_LANGUAGE_STANDARD = gnu99;
				GCC_NO_COMMON_BLOCKS = YES;
				GCC_WARN_64_TO_32_BIT_CONVERSION = YES;
				GCC_WARN_ABOUT_RETURN_TYPE = YES_ERROR;
				GCC_WARN_UNDECLARED_SELECTOR = YES;
				GCC_WARN_UNINITIALIZED_AUTOS = YES_AGGRESSIVE;
				GCC_WARN_UNUSED_FUNCTION = YES;
				GCC_WARN_UNUSED_VARIABLE = YES;
				IPHONEOS_DEPLOYMENT_TARGET = 8.3;
				MTL_ENABLE_DEBUG_INFO = NO;
				SDKROOT = iphoneos;
				VALIDATE_PRODUCT = YES;
			};
			name = Release;
		};
		C5259C6D1B5E3BAB00199982 /* Debug */ = {
			isa = XCBuildConfiguration;
			buildSettings = {
				ASSETCATALOG_COMPILER_APPICON_NAME = AppIcon;
				INFOPLIST_FILE = MusicPlay/Info.plist;
				LD_RUNPATH_SEARCH_PATHS = "$(inherited) @executable_path/Frameworks";
				PRODUCT_NAME = "$(TARGET_NAME)";
			};
			name = Debug;
		};
		C5259C6E1B5E3BAB00199982 /* Release */ = {
			isa = XCBuildConfiguration;
			buildSettings = {
				ASSETCATALOG_COMPILER_APPICON_NAME = AppIcon;
				INFOPLIST_FILE = MusicPlay/Info.plist;
				LD_RUNPATH_SEARCH_PATHS = "$(inherited) @executable_path/Frameworks";
				PRODUCT_NAME = "$(TARGET_NAME)";
			};
			name = Release;
		};
		C5259C701B5E3BAB00199982 /* Debug */ = {
			isa = XCBuildConfiguration;
			buildSettings = {
				BUNDLE_LOADER = "$(TEST_HOST)";
				FRAMEWORK_SEARCH_PATHS = (
					"$(SDKROOT)/Developer/Library/Frameworks",
					"$(inherited)",
				);
				GCC_PREPROCESSOR_DEFINITIONS = (
					"DEBUG=1",
					"$(inherited)",
				);
				INFOPLIST_FILE = MusicPlayTests/Info.plist;
				LD_RUNPATH_SEARCH_PATHS = "$(inherited) @executable_path/Frameworks @loader_path/Frameworks";
				PRODUCT_NAME = "$(TARGET_NAME)";
				TEST_HOST = "$(BUILT_PRODUCTS_DIR)/MusicPlay.app/MusicPlay";
			};
			name = Debug;
		};
		C5259C711B5E3BAB00199982 /* Release */ = {
			isa = XCBuildConfiguration;
			buildSettings = {
				BUNDLE_LOADER = "$(TEST_HOST)";
				FRAMEWORK_SEARCH_PATHS = (
					"$(SDKROOT)/Developer/Library/Frameworks",
					"$(inherited)",
				);
				INFOPLIST_FILE = MusicPlayTests/Info.plist;
				LD_RUNPATH_SEARCH_PATHS = "$(inherited) @executable_path/Frameworks @loader_path/Frameworks";
				PRODUCT_NAME = "$(TARGET_NAME)";
				TEST_HOST = "$(BUILT_PRODUCTS_DIR)/MusicPlay.app/MusicPlay";
			};
			name = Release;
		};
/* End XCBuildConfiguration section */

/* Begin XCConfigurationList section */
		C5259C441B5E3BAB00199982 /* Build configuration list for PBXProject "MusicPlay" */ = {
			isa = XCConfigurationList;
			buildConfigurations = (
				C5259C6A1B5E3BAB00199982 /* Debug */,
				C5259C6B1B5E3BAB00199982 /* Release */,
			);
			defaultConfigurationIsVisible = 0;
			defaultConfigurationName = Release;
		};
		C5259C6C1B5E3BAB00199982 /* Build configuration list for PBXNativeTarget "MusicPlay" */ = {
			isa = XCConfigurationList;
			buildConfigurations = (
				C5259C6D1B5E3BAB00199982 /* Debug */,
				C5259C6E1B5E3BAB00199982 /* Release */,
			);
			defaultConfigurationIsVisible = 0;
		};
		C5259C6F1B5E3BAB00199982 /* Build configuration list for PBXNativeTarget "MusicPlayTests" */ = {
			isa = XCConfigurationList;
			buildConfigurations = (
				C5259C701B5E3BAB00199982 /* Debug */,
				C5259C711B5E3BAB00199982 /* Release */,
			);
			defaultConfigurationIsVisible = 0;
		};
/* End XCConfigurationList section */
	};
	rootObject = C5259C411B5E3BAB00199982 /* Project object */;
}
